{
  "requires": true,
  "lockfileVersion": 1,
  "dependencies": {
    "@simonwep/pickr": {
      "version": "1.8.0",
      "resolved": "https://registry.npmjs.org/@simonwep/pickr/-/pickr-1.8.0.tgz",
      "integrity": "sha512-VaSD7TwktOsro5nQ/FjRx5JAJ09k5CNfGRHacgVRxeVPolUQwelz1SjL8HAOKZwTSmcnIObptpHABQS4zgN7sw==",
      "requires": {
        "core-js": "^3.8.0",
        "nanopop": "^2.1.0"
      }
    },
    "core-js": {
      "version": "3.8.3",
      "resolved": "https://registry.npmjs.org/core-js/-/core-js-3.8.3.tgz",
      "integrity": "sha512-KPYXeVZYemC2TkNEkX/01I+7yd+nX3KddKwZ1Ww7SKWdI2wQprSgLmrTddT8nw92AjEklTsPBoSdQBhbI1bQ6Q=="
    },
    "nanopop": {
      "version": "2.1.0",
      "resolved": "https://registry.npmjs.org/nanopop/-/nanopop-2.1.0.tgz",
      "integrity": "sha512-jGTwpFRexSH+fxappnGQtN9dspgE2ipa1aOjtR24igG0pv6JCxImIAmrLRHX+zUF5+1wtsFVbKyfP51kIGAVNw=="
    }
  }
}
